
Microsoft Visual Studio Solution File, Format Version 12.00
# Visual Studio Version 17
VisualStudioVersion = 17.12.35707.178
MinimumVisualStudioVersion = 10.0.40219.1
Project("{8BC9CEB8-8B4A-11D0-8D11-00A0C91BC942}") = "001_hello", "001_hello\001_hello.vcxproj", "{0C7D6A61-6612-4142-BF70-E19D66F16698}"
EndProject
Project("{8BC9CEB8-8B4A-11D0-8D11-00A0C91BC942}") = "002_smallest", "002_smallest\002_smallest.vcxproj", "{3CEDA46F-F503-4481-A32B-B4078E5FE525}"
EndProject
Project("{8BC9CEB8-8B4A-11D0-8D11-00A0C91BC942}") = "003_calc", "003_calc\003_calc.vcxproj", "{FCC676B3-847A-43BE-9AE3-D56170888721}"
EndProject
Project("{8BC9CEB8-8B4A-11D0-8D11-00A0C91BC942}") = "004_gugu", "004_gugu\004_gugu.vcxproj", "{7D63CED4-4B59-4DAB-9333-7FD10A263348}"
EndProject
Project("{8BC9CEB8-8B4A-11D0-8D11-00A0C91BC942}") = "005_sum", "005_sum\005_sum.vcxproj", "{9373F096-6F89-4DBA-97B7-A7CEE525689E}"
EndProject
Project("{8BC9CEB8-8B4A-11D0-8D11-00A0C91BC942}") = "006_lab", "006_lab\006_lab.vcxproj", "{A5A9C80B-D95C-48A6-A1D6-5FC7319F18A4}"
EndProject
Project("{8BC9CEB8-8B4A-11D0-8D11-00A0C91BC942}") = "007_scanf", "007_scanf\007_scanf.vcxproj", "{DA8A5764-BFCF-4A7C-87EF-93113E1A51EC}"
EndProject
Project("{8BC9CEB8-8B4A-11D0-8D11-00A0C91BC942}") = "008_rect", "008_rect\008_rect.vcxproj", "{D640982C-D270-4F74-9342-FE2A92896BB6}"
EndProject
Project("{8BC9CEB8-8B4A-11D0-8D11-00A0C91BC942}") = "009_circleArea", "009_circleArea\009_circleArea.vcxproj", "{8DCD1061-1959-4B18-BF53-0C283FE3BE8E}"
EndProject
Project("{8BC9CEB8-8B4A-11D0-8D11-00A0C91BC942}") = "010_sizeof", "010_sizeof\010_sizeof.vcxproj", "{1861155F-E4FF-42B9-B71D-940605CFE9AF}"
EndProject
Project("{8BC9CEB8-8B4A-11D0-8D11-00A0C91BC942}") = "011_radix", "011_radix\011_radix.vcxproj", "{6B89072B-0837-4934-98AE-8A7AAB12AFA4}"
EndProject
Project("{8BC9CEB8-8B4A-11D0-8D11-00A0C91BC942}") = "012_lightSpeed", "012_lightSpeed\012_lightSpeed.vcxproj", "{402C4CDE-4A63-48DF-B93A-52FC93FE0702}"
EndProject
Project("{8BC9CEB8-8B4A-11D0-8D11-00A0C91BC942}") = "013_reminder", "013_reminder\013_reminder.vcxproj", "{34A0F409-D906-40E5-A8DE-36FE2D91EA36}"
EndProject
Project("{8BC9CEB8-8B4A-11D0-8D11-00A0C91BC942}") = "014_relationalOp", "14_relationalOp\14_relationalOp.vcxproj", "{72D507DB-25B0-4D2A-8B2B-E0007F3699C8}"
EndProject
Project("{8BC9CEB8-8B4A-11D0-8D11-00A0C91BC942}") = "015_LeafYear", "015_LeafYear\015_LeafYear.vcxproj", "{92D791E0-DEB8-420B-869A-3FD0CF6C2262}"
EndProject
Project("{8BC9CEB8-8B4A-11D0-8D11-00A0C91BC942}") = "016_abs", "016_abs\016_abs.vcxproj", "{D1693E8D-6980-468E-A063-7A5B655971E3}"
EndProject
Project("{8BC9CEB8-8B4A-11D0-8D11-00A0C91BC942}") = "017_block", "017_block\017_block.vcxproj", "{105BF1A5-7819-4CE1-BBF1-B0BA755FE958}"
EndProject
Project("{8BC9CEB8-8B4A-11D0-8D11-00A0C91BC942}") = "018_evenOdd", "018_evenOdd\018_evenOdd.vcxproj", "{4D3C032A-322D-45DC-96BB-AD5C2E79A0CB}"
EndProject
Project("{8BC9CEB8-8B4A-11D0-8D11-00A0C91BC942}") = "019_divide", "019_divide\019_divide.vcxproj", "{18901AC4-3480-4656-A1E2-E517E0453871}"
EndProject
Project("{8BC9CEB8-8B4A-11D0-8D11-00A0C91BC942}") = "020_grade", "020_grade\020_grade.vcxproj", "{8B46556E-91E1-4349-8BC4-01CD747AF936}"
EndProject
Project("{8BC9CEB8-8B4A-11D0-8D11-00A0C91BC942}") = "021_ascii", "021_ascii\021_ascii.vcxproj", "{A7F5BE19-802D-4ED0-BF12-84208FBFB1A0}"
EndProject
Project("{8BC9CEB8-8B4A-11D0-8D11-00A0C91BC942}") = "022_quadEq", "022_quadEq\022_quadEq.vcxproj", "{2F686BF0-DB69-42B4-918B-A5135E085F6B}"
EndProject
Project("{8BC9CEB8-8B4A-11D0-8D11-00A0C91BC942}") = "023_calc", "023_calc\023_calc.vcxproj", "{00654B5C-5CD8-40F9-A003-5FDA460539FD}"
EndProject
Project("{8BC9CEB8-8B4A-11D0-8D11-00A0C91BC942}") = "024_switch", "024_switch\024_switch.vcxproj", "{243804C8-F35B-4272-B690-7E6DDD4C545B}"
EndProject
Project("{8BC9CEB8-8B4A-11D0-8D11-00A0C91BC942}") = "025_monthDay", "025_monthDay\025_monthDay.vcxproj", "{2440E766-1EB9-4CB2-8AFF-94F2DB8517CC}"
EndProject
Project("{8BC9CEB8-8B4A-11D0-8D11-00A0C91BC942}") = "026_for", "026_for\026_for.vcxproj", "{7C49C75A-1B35-4E36-A39E-B902D30A3341}"
EndProject
Project("{8BC9CEB8-8B4A-11D0-8D11-00A0C91BC942}") = "027_while", "027_while\027_while.vcxproj", "{9BF19CF2-4E65-48A3-80BA-6DEDC55A3E50}"
EndProject
Project("{8BC9CEB8-8B4A-11D0-8D11-00A0C91BC942}") = "028_gugu", "028_gugu\028_gugu.vcxproj", "{808E48EF-E254-4F5C-9A31-85F8A0450803}"
EndProject
Project("{8BC9CEB8-8B4A-11D0-8D11-00A0C91BC942}") = "029_sum", "029_sum\029_sum.vcxproj", "{7F98518E-B90F-4508-95F6-2721689B5EA0}"
EndProject
Project("{8BC9CEB8-8B4A-11D0-8D11-00A0C91BC942}") = "030_doWhile", "030_doWhile\030_doWhile.vcxproj", "{A455A3C3-FCA5-4266-B3C1-D212C6FF595A}"
EndProject
Project("{8BC9CEB8-8B4A-11D0-8D11-00A0C91BC942}") = "031_factorial", "031_factorial\031_factorial.vcxproj", "{522D7FEE-F587-498D-B4EA-E7103760BE3A}"
EndProject
Global
	GlobalSection(SolutionConfigurationPlatforms) = preSolution
		Debug|x64 = Debug|x64
		Debug|x86 = Debug|x86
		Release|x64 = Release|x64
		Release|x86 = Release|x86
	EndGlobalSection
	GlobalSection(ProjectConfigurationPlatforms) = postSolution
		{0C7D6A61-6612-4142-BF70-E19D66F16698}.Debug|x64.ActiveCfg = Debug|x64
		{0C7D6A61-6612-4142-BF70-E19D66F16698}.Debug|x64.Build.0 = Debug|x64
		{0C7D6A61-6612-4142-BF70-E19D66F16698}.Debug|x86.ActiveCfg = Debug|Win32
		{0C7D6A61-6612-4142-BF70-E19D66F16698}.Debug|x86.Build.0 = Debug|Win32
		{0C7D6A61-6612-4142-BF70-E19D66F16698}.Release|x64.ActiveCfg = Release|x64
		{0C7D6A61-6612-4142-BF70-E19D66F16698}.Release|x64.Build.0 = Release|x64
		{0C7D6A61-6612-4142-BF70-E19D66F16698}.Release|x86.ActiveCfg = Release|Win32
		{0C7D6A61-6612-4142-BF70-E19D66F16698}.Release|x86.Build.0 = Release|Win32
		{3CEDA46F-F503-4481-A32B-B4078E5FE525}.Debug|x64.ActiveCfg = Debug|x64
		{3CEDA46F-F503-4481-A32B-B4078E5FE525}.Debug|x64.Build.0 = Debug|x64
		{3CEDA46F-F503-4481-A32B-B4078E5FE525}.Debug|x86.ActiveCfg = Debug|Win32
		{3CEDA46F-F503-4481-A32B-B4078E5FE525}.Debug|x86.Build.0 = Debug|Win32
		{3CEDA46F-F503-4481-A32B-B4078E5FE525}.Release|x64.ActiveCfg = Release|x64
		{3CEDA46F-F503-4481-A32B-B4078E5FE525}.Release|x64.Build.0 = Release|x64
		{3CEDA46F-F503-4481-A32B-B4078E5FE525}.Release|x86.ActiveCfg = Release|Win32
		{3CEDA46F-F503-4481-A32B-B4078E5FE525}.Release|x86.Build.0 = Release|Win32
		{FCC676B3-847A-43BE-9AE3-D56170888721}.Debug|x64.ActiveCfg = Debug|x64
		{FCC676B3-847A-43BE-9AE3-D56170888721}.Debug|x64.Build.0 = Debug|x64
		{FCC676B3-847A-43BE-9AE3-D56170888721}.Debug|x86.ActiveCfg = Debug|Win32
		{FCC676B3-847A-43BE-9AE3-D56170888721}.Debug|x86.Build.0 = Debug|Win32
		{FCC676B3-847A-43BE-9AE3-D56170888721}.Release|x64.ActiveCfg = Release|x64
		{FCC676B3-847A-43BE-9AE3-D56170888721}.Release|x64.Build.0 = Release|x64
		{FCC676B3-847A-43BE-9AE3-D56170888721}.Release|x86.ActiveCfg = Release|Win32
		{FCC676B3-847A-43BE-9AE3-D56170888721}.Release|x86.Build.0 = Release|Win32
		{7D63CED4-4B59-4DAB-9333-7FD10A263348}.Debug|x64.ActiveCfg = Debug|x64
		{7D63CED4-4B59-4DAB-9333-7FD10A263348}.Debug|x64.Build.0 = Debug|x64
		{7D63CED4-4B59-4DAB-9333-7FD10A263348}.Debug|x86.ActiveCfg = Debug|Win32
		{7D63CED4-4B59-4DAB-9333-7FD10A263348}.Debug|x86.Build.0 = Debug|Win32
		{7D63CED4-4B59-4DAB-9333-7FD10A263348}.Release|x64.ActiveCfg = Release|x64
		{7D63CED4-4B59-4DAB-9333-7FD10A263348}.Release|x64.Build.0 = Release|x64
		{7D63CED4-4B59-4DAB-9333-7FD10A263348}.Release|x86.ActiveCfg = Release|Win32
		{7D63CED4-4B59-4DAB-9333-7FD10A263348}.Release|x86.Build.0 = Release|Win32
		{9373F096-6F89-4DBA-97B7-A7CEE525689E}.Debug|x64.ActiveCfg = Debug|x64
		{9373F096-6F89-4DBA-97B7-A7CEE525689E}.Debug|x64.Build.0 = Debug|x64
		{9373F096-6F89-4DBA-97B7-A7CEE525689E}.Debug|x86.ActiveCfg = Debug|Win32
		{9373F096-6F89-4DBA-97B7-A7CEE525689E}.Debug|x86.Build.0 = Debug|Win32
		{9373F096-6F89-4DBA-97B7-A7CEE525689E}.Release|x64.ActiveCfg = Release|x64
		{9373F096-6F89-4DBA-97B7-A7CEE525689E}.Release|x64.Build.0 = Release|x64
		{9373F096-6F89-4DBA-97B7-A7CEE525689E}.Release|x86.ActiveCfg = Release|Win32
		{9373F096-6F89-4DBA-97B7-A7CEE525689E}.Release|x86.Build.0 = Release|Win32
		{A5A9C80B-D95C-48A6-A1D6-5FC7319F18A4}.Debug|x64.ActiveCfg = Debug|x64
		{A5A9C80B-D95C-48A6-A1D6-5FC7319F18A4}.Debug|x64.Build.0 = Debug|x64
		{A5A9C80B-D95C-48A6-A1D6-5FC7319F18A4}.Debug|x86.ActiveCfg = Debug|Win32
		{A5A9C80B-D95C-48A6-A1D6-5FC7319F18A4}.Debug|x86.Build.0 = Debug|Win32
		{A5A9C80B-D95C-48A6-A1D6-5FC7319F18A4}.Release|x64.ActiveCfg = Release|x64
		{A5A9C80B-D95C-48A6-A1D6-5FC7319F18A4}.Release|x64.Build.0 = Release|x64
		{A5A9C80B-D95C-48A6-A1D6-5FC7319F18A4}.Release|x86.ActiveCfg = Release|Win32
		{A5A9C80B-D95C-48A6-A1D6-5FC7319F18A4}.Release|x86.Build.0 = Release|Win32
		{DA8A5764-BFCF-4A7C-87EF-93113E1A51EC}.Debug|x64.ActiveCfg = Debug|x64
		{DA8A5764-BFCF-4A7C-87EF-93113E1A51EC}.Debug|x64.Build.0 = Debug|x64
		{DA8A5764-BFCF-4A7C-87EF-93113E1A51EC}.Debug|x86.ActiveCfg = Debug|Win32
		{DA8A5764-BFCF-4A7C-87EF-93113E1A51EC}.Debug|x86.Build.0 = Debug|Win32
		{DA8A5764-BFCF-4A7C-87EF-93113E1A51EC}.Release|x64.ActiveCfg = Release|x64
		{DA8A5764-BFCF-4A7C-87EF-93113E1A51EC}.Release|x64.Build.0 = Release|x64
		{DA8A5764-BFCF-4A7C-87EF-93113E1A51EC}.Release|x86.ActiveCfg = Release|Win32
		{DA8A5764-BFCF-4A7C-87EF-93113E1A51EC}.Release|x86.Build.0 = Release|Win32
		{D640982C-D270-4F74-9342-FE2A92896BB6}.Debug|x64.ActiveCfg = Debug|x64
		{D640982C-D270-4F74-9342-FE2A92896BB6}.Debug|x64.Build.0 = Debug|x64
		{D640982C-D270-4F74-9342-FE2A92896BB6}.Debug|x86.ActiveCfg = Debug|Win32
		{D640982C-D270-4F74-9342-FE2A92896BB6}.Debug|x86.Build.0 = Debug|Win32
		{D640982C-D270-4F74-9342-FE2A92896BB6}.Release|x64.ActiveCfg = Release|x64
		{D640982C-D270-4F74-9342-FE2A92896BB6}.Release|x64.Build.0 = Release|x64
		{D640982C-D270-4F74-9342-FE2A92896BB6}.Release|x86.ActiveCfg = Release|Win32
		{D640982C-D270-4F74-9342-FE2A92896BB6}.Release|x86.Build.0 = Release|Win32
		{8DCD1061-1959-4B18-BF53-0C283FE3BE8E}.Debug|x64.ActiveCfg = Debug|x64
		{8DCD1061-1959-4B18-BF53-0C283FE3BE8E}.Debug|x64.Build.0 = Debug|x64
		{8DCD1061-1959-4B18-BF53-0C283FE3BE8E}.Debug|x86.ActiveCfg = Debug|Win32
		{8DCD1061-1959-4B18-BF53-0C283FE3BE8E}.Debug|x86.Build.0 = Debug|Win32
		{8DCD1061-1959-4B18-BF53-0C283FE3BE8E}.Release|x64.ActiveCfg = Release|x64
		{8DCD1061-1959-4B18-BF53-0C283FE3BE8E}.Release|x64.Build.0 = Release|x64
		{8DCD1061-1959-4B18-BF53-0C283FE3BE8E}.Release|x86.ActiveCfg = Release|Win32
		{8DCD1061-1959-4B18-BF53-0C283FE3BE8E}.Release|x86.Build.0 = Release|Win32
		{1861155F-E4FF-42B9-B71D-940605CFE9AF}.Debug|x64.ActiveCfg = Debug|x64
		{1861155F-E4FF-42B9-B71D-940605CFE9AF}.Debug|x64.Build.0 = Debug|x64
		{1861155F-E4FF-42B9-B71D-940605CFE9AF}.Debug|x86.ActiveCfg = Debug|Win32
		{1861155F-E4FF-42B9-B71D-940605CFE9AF}.Debug|x86.Build.0 = Debug|Win32
		{1861155F-E4FF-42B9-B71D-940605CFE9AF}.Release|x64.ActiveCfg = Release|x64
		{1861155F-E4FF-42B9-B71D-940605CFE9AF}.Release|x64.Build.0 = Release|x64
		{1861155F-E4FF-42B9-B71D-940605CFE9AF}.Release|x86.ActiveCfg = Release|Win32
		{1861155F-E4FF-42B9-B71D-940605CFE9AF}.Release|x86.Build.0 = Release|Win32
		{6B89072B-0837-4934-98AE-8A7AAB12AFA4}.Debug|x64.ActiveCfg = Debug|x64
		{6B89072B-0837-4934-98AE-8A7AAB12AFA4}.Debug|x64.Build.0 = Debug|x64
		{6B89072B-0837-4934-98AE-8A7AAB12AFA4}.Debug|x86.ActiveCfg = Debug|Win32
		{6B89072B-0837-4934-98AE-8A7AAB12AFA4}.Debug|x86.Build.0 = Debug|Win32
		{6B89072B-0837-4934-98AE-8A7AAB12AFA4}.Release|x64.ActiveCfg = Release|x64
		{6B89072B-0837-4934-98AE-8A7AAB12AFA4}.Release|x64.Build.0 = Release|x64
		{6B89072B-0837-4934-98AE-8A7AAB12AFA4}.Release|x86.ActiveCfg = Release|Win32
		{6B89072B-0837-4934-98AE-8A7AAB12AFA4}.Release|x86.Build.0 = Release|Win32
		{402C4CDE-4A63-48DF-B93A-52FC93FE0702}.Debug|x64.ActiveCfg = Debug|x64
		{402C4CDE-4A63-48DF-B93A-52FC93FE0702}.Debug|x64.Build.0 = Debug|x64
		{402C4CDE-4A63-48DF-B93A-52FC93FE0702}.Debug|x86.ActiveCfg = Debug|Win32
		{402C4CDE-4A63-48DF-B93A-52FC93FE0702}.Debug|x86.Build.0 = Debug|Win32
		{402C4CDE-4A63-48DF-B93A-52FC93FE0702}.Release|x64.ActiveCfg = Release|x64
		{402C4CDE-4A63-48DF-B93A-52FC93FE0702}.Release|x64.Build.0 = Release|x64
		{402C4CDE-4A63-48DF-B93A-52FC93FE0702}.Release|x86.ActiveCfg = Release|Win32
		{402C4CDE-4A63-48DF-B93A-52FC93FE0702}.Release|x86.Build.0 = Release|Win32
		{34A0F409-D906-40E5-A8DE-36FE2D91EA36}.Debug|x64.ActiveCfg = Debug|x64
		{34A0F409-D906-40E5-A8DE-36FE2D91EA36}.Debug|x64.Build.0 = Debug|x64
		{34A0F409-D906-40E5-A8DE-36FE2D91EA36}.Debug|x86.ActiveCfg = Debug|Win32
		{34A0F409-D906-40E5-A8DE-36FE2D91EA36}.Debug|x86.Build.0 = Debug|Win32
		{34A0F409-D906-40E5-A8DE-36FE2D91EA36}.Release|x64.ActiveCfg = Release|x64
		{34A0F409-D906-40E5-A8DE-36FE2D91EA36}.Release|x64.Build.0 = Release|x64
		{34A0F409-D906-40E5-A8DE-36FE2D91EA36}.Release|x86.ActiveCfg = Release|Win32
		{34A0F409-D906-40E5-A8DE-36FE2D91EA36}.Release|x86.Build.0 = Release|Win32
		{72D507DB-25B0-4D2A-8B2B-E0007F3699C8}.Debug|x64.ActiveCfg = Debug|x64
		{72D507DB-25B0-4D2A-8B2B-E0007F3699C8}.Debug|x64.Build.0 = Debug|x64
		{72D507DB-25B0-4D2A-8B2B-E0007F3699C8}.Debug|x86.ActiveCfg = Debug|Win32
		{72D507DB-25B0-4D2A-8B2B-E0007F3699C8}.Debug|x86.Build.0 = Debug|Win32
		{72D507DB-25B0-4D2A-8B2B-E0007F3699C8}.Release|x64.ActiveCfg = Release|x64
		{72D507DB-25B0-4D2A-8B2B-E0007F3699C8}.Release|x64.Build.0 = Release|x64
		{72D507DB-25B0-4D2A-8B2B-E0007F3699C8}.Release|x86.ActiveCfg = Release|Win32
		{72D507DB-25B0-4D2A-8B2B-E0007F3699C8}.Release|x86.Build.0 = Release|Win32
		{92D791E0-DEB8-420B-869A-3FD0CF6C2262}.Debug|x64.ActiveCfg = Debug|x64
		{92D791E0-DEB8-420B-869A-3FD0CF6C2262}.Debug|x64.Build.0 = Debug|x64
		{92D791E0-DEB8-420B-869A-3FD0CF6C2262}.Debug|x86.ActiveCfg = Debug|Win32
		{92D791E0-DEB8-420B-869A-3FD0CF6C2262}.Debug|x86.Build.0 = Debug|Win32
		{92D791E0-DEB8-420B-869A-3FD0CF6C2262}.Release|x64.ActiveCfg = Release|x64
		{92D791E0-DEB8-420B-869A-3FD0CF6C2262}.Release|x64.Build.0 = Release|x64
		{92D791E0-DEB8-420B-869A-3FD0CF6C2262}.Release|x86.ActiveCfg = Release|Win32
		{92D791E0-DEB8-420B-869A-3FD0CF6C2262}.Release|x86.Build.0 = Release|Win32
		{D1693E8D-6980-468E-A063-7A5B655971E3}.Debug|x64.ActiveCfg = Debug|x64
		{D1693E8D-6980-468E-A063-7A5B655971E3}.Debug|x64.Build.0 = Debug|x64
		{D1693E8D-6980-468E-A063-7A5B655971E3}.Debug|x86.ActiveCfg = Debug|Win32
		{D1693E8D-6980-468E-A063-7A5B655971E3}.Debug|x86.Build.0 = Debug|Win32
		{D1693E8D-6980-468E-A063-7A5B655971E3}.Release|x64.ActiveCfg = Release|x64
		{D1693E8D-6980-468E-A063-7A5B655971E3}.Release|x64.Build.0 = Release|x64
		{D1693E8D-6980-468E-A063-7A5B655971E3}.Release|x86.ActiveCfg = Release|Win32
		{D1693E8D-6980-468E-A063-7A5B655971E3}.Release|x86.Build.0 = Release|Win32
		{105BF1A5-7819-4CE1-BBF1-B0BA755FE958}.Debug|x64.ActiveCfg = Debug|x64
		{105BF1A5-7819-4CE1-BBF1-B0BA755FE958}.Debug|x64.Build.0 = Debug|x64
		{105BF1A5-7819-4CE1-BBF1-B0BA755FE958}.Debug|x86.ActiveCfg = Debug|Win32
		{105BF1A5-7819-4CE1-BBF1-B0BA755FE958}.Debug|x86.Build.0 = Debug|Win32
		{105BF1A5-7819-4CE1-BBF1-B0BA755FE958}.Release|x64.ActiveCfg = Release|x64
		{105BF1A5-7819-4CE1-BBF1-B0BA755FE958}.Release|x64.Build.0 = Release|x64
		{105BF1A5-7819-4CE1-BBF1-B0BA755FE958}.Release|x86.ActiveCfg = Release|Win32
		{105BF1A5-7819-4CE1-BBF1-B0BA755FE958}.Release|x86.Build.0 = Release|Win32
		{4D3C032A-322D-45DC-96BB-AD5C2E79A0CB}.Debug|x64.ActiveCfg = Debug|x64
		{4D3C032A-322D-45DC-96BB-AD5C2E79A0CB}.Debug|x64.Build.0 = Debug|x64
		{4D3C032A-322D-45DC-96BB-AD5C2E79A0CB}.Debug|x86.ActiveCfg = Debug|Win32
		{4D3C032A-322D-45DC-96BB-AD5C2E79A0CB}.Debug|x86.Build.0 = Debug|Win32
		{4D3C032A-322D-45DC-96BB-AD5C2E79A0CB}.Release|x64.ActiveCfg = Release|x64
		{4D3C032A-322D-45DC-96BB-AD5C2E79A0CB}.Release|x64.Build.0 = Release|x64
		{4D3C032A-322D-45DC-96BB-AD5C2E79A0CB}.Release|x86.ActiveCfg = Release|Win32
		{4D3C032A-322D-45DC-96BB-AD5C2E79A0CB}.Release|x86.Build.0 = Release|Win32
		{18901AC4-3480-4656-A1E2-E517E0453871}.Debug|x64.ActiveCfg = Debug|x64
		{18901AC4-3480-4656-A1E2-E517E0453871}.Debug|x64.Build.0 = Debug|x64
		{18901AC4-3480-4656-A1E2-E517E0453871}.Debug|x86.ActiveCfg = Debug|Win32
		{18901AC4-3480-4656-A1E2-E517E0453871}.Debug|x86.Build.0 = Debug|Win32
		{18901AC4-3480-4656-A1E2-E517E0453871}.Release|x64.ActiveCfg = Release|x64
		{18901AC4-3480-4656-A1E2-E517E0453871}.Release|x64.Build.0 = Release|x64
		{18901AC4-3480-4656-A1E2-E517E0453871}.Release|x86.ActiveCfg = Release|Win32
		{18901AC4-3480-4656-A1E2-E517E0453871}.Release|x86.Build.0 = Release|Win32
		{8B46556E-91E1-4349-8BC4-01CD747AF936}.Debug|x64.ActiveCfg = Debug|x64
		{8B46556E-91E1-4349-8BC4-01CD747AF936}.Debug|x64.Build.0 = Debug|x64
		{8B46556E-91E1-4349-8BC4-01CD747AF936}.Debug|x86.ActiveCfg = Debug|Win32
		{8B46556E-91E1-4349-8BC4-01CD747AF936}.Debug|x86.Build.0 = Debug|Win32
		{8B46556E-91E1-4349-8BC4-01CD747AF936}.Release|x64.ActiveCfg = Release|x64
		{8B46556E-91E1-4349-8BC4-01CD747AF936}.Release|x64.Build.0 = Release|x64
		{8B46556E-91E1-4349-8BC4-01CD747AF936}.Release|x86.ActiveCfg = Release|Win32
		{8B46556E-91E1-4349-8BC4-01CD747AF936}.Release|x86.Build.0 = Release|Win32
		{A7F5BE19-802D-4ED0-BF12-84208FBFB1A0}.Debug|x64.ActiveCfg = Debug|x64
		{A7F5BE19-802D-4ED0-BF12-84208FBFB1A0}.Debug|x64.Build.0 = Debug|x64
		{A7F5BE19-802D-4ED0-BF12-84208FBFB1A0}.Debug|x86.ActiveCfg = Debug|Win32
		{A7F5BE19-802D-4ED0-BF12-84208FBFB1A0}.Debug|x86.Build.0 = Debug|Win32
		{A7F5BE19-802D-4ED0-BF12-84208FBFB1A0}.Release|x64.ActiveCfg = Release|x64
		{A7F5BE19-802D-4ED0-BF12-84208FBFB1A0}.Release|x64.Build.0 = Release|x64
		{A7F5BE19-802D-4ED0-BF12-84208FBFB1A0}.Release|x86.ActiveCfg = Release|Win32
		{A7F5BE19-802D-4ED0-BF12-84208FBFB1A0}.Release|x86.Build.0 = Release|Win32
		{2F686BF0-DB69-42B4-918B-A5135E085F6B}.Debug|x64.ActiveCfg = Debug|x64
		{2F686BF0-DB69-42B4-918B-A5135E085F6B}.Debug|x64.Build.0 = Debug|x64
		{2F686BF0-DB69-42B4-918B-A5135E085F6B}.Debug|x86.ActiveCfg = Debug|Win32
		{2F686BF0-DB69-42B4-918B-A5135E085F6B}.Debug|x86.Build.0 = Debug|Win32
		{2F686BF0-DB69-42B4-918B-A5135E085F6B}.Release|x64.ActiveCfg = Release|x64
		{2F686BF0-DB69-42B4-918B-A5135E085F6B}.Release|x64.Build.0 = Release|x64
		{2F686BF0-DB69-42B4-918B-A5135E085F6B}.Release|x86.ActiveCfg = Release|Win32
		{2F686BF0-DB69-42B4-918B-A5135E085F6B}.Release|x86.Build.0 = Release|Win32
		{00654B5C-5CD8-40F9-A003-5FDA460539FD}.Debug|x64.ActiveCfg = Debug|x64
		{00654B5C-5CD8-40F9-A003-5FDA460539FD}.Debug|x64.Build.0 = Debug|x64
		{00654B5C-5CD8-40F9-A003-5FDA460539FD}.Debug|x86.ActiveCfg = Debug|Win32
		{00654B5C-5CD8-40F9-A003-5FDA460539FD}.Debug|x86.Build.0 = Debug|Win32
		{00654B5C-5CD8-40F9-A003-5FDA460539FD}.Release|x64.ActiveCfg = Release|x64
		{00654B5C-5CD8-40F9-A003-5FDA460539FD}.Release|x64.Build.0 = Release|x64
		{00654B5C-5CD8-40F9-A003-5FDA460539FD}.Release|x86.ActiveCfg = Release|Win32
		{00654B5C-5CD8-40F9-A003-5FDA460539FD}.Release|x86.Build.0 = Release|Win32
		{243804C8-F35B-4272-B690-7E6DDD4C545B}.Debug|x64.ActiveCfg = Debug|x64
		{243804C8-F35B-4272-B690-7E6DDD4C545B}.Debug|x64.Build.0 = Debug|x64
		{243804C8-F35B-4272-B690-7E6DDD4C545B}.Debug|x86.ActiveCfg = Debug|Win32
		{243804C8-F35B-4272-B690-7E6DDD4C545B}.Debug|x86.Build.0 = Debug|Win32
		{243804C8-F35B-4272-B690-7E6DDD4C545B}.Release|x64.ActiveCfg = Release|x64
		{243804C8-F35B-4272-B690-7E6DDD4C545B}.Release|x64.Build.0 = Release|x64
		{243804C8-F35B-4272-B690-7E6DDD4C545B}.Release|x86.ActiveCfg = Release|Win32
		{243804C8-F35B-4272-B690-7E6DDD4C545B}.Release|x86.Build.0 = Release|Win32
		{2440E766-1EB9-4CB2-8AFF-94F2DB8517CC}.Debug|x64.ActiveCfg = Debug|x64
		{2440E766-1EB9-4CB2-8AFF-94F2DB8517CC}.Debug|x64.Build.0 = Debug|x64
		{2440E766-1EB9-4CB2-8AFF-94F2DB8517CC}.Debug|x86.ActiveCfg = Debug|Win32
		{2440E766-1EB9-4CB2-8AFF-94F2DB8517CC}.Debug|x86.Build.0 = Debug|Win32
		{2440E766-1EB9-4CB2-8AFF-94F2DB8517CC}.Release|x64.ActiveCfg = Release|x64
		{2440E766-1EB9-4CB2-8AFF-94F2DB8517CC}.Release|x64.Build.0 = Release|x64
		{2440E766-1EB9-4CB2-8AFF-94F2DB8517CC}.Release|x86.ActiveCfg = Release|Win32
		{2440E766-1EB9-4CB2-8AFF-94F2DB8517CC}.Release|x86.Build.0 = Release|Win32
		{7C49C75A-1B35-4E36-A39E-B902D30A3341}.Debug|x64.ActiveCfg = Debug|x64
		{7C49C75A-1B35-4E36-A39E-B902D30A3341}.Debug|x64.Build.0 = Debug|x64
		{7C49C75A-1B35-4E36-A39E-B902D30A3341}.Debug|x86.ActiveCfg = Debug|Win32
		{7C49C75A-1B35-4E36-A39E-B902D30A3341}.Debug|x86.Build.0 = Debug|Win32
		{7C49C75A-1B35-4E36-A39E-B902D30A3341}.Release|x64.ActiveCfg = Release|x64
		{7C49C75A-1B35-4E36-A39E-B902D30A3341}.Release|x64.Build.0 = Release|x64
		{7C49C75A-1B35-4E36-A39E-B902D30A3341}.Release|x86.ActiveCfg = Release|Win32
		{7C49C75A-1B35-4E36-A39E-B902D30A3341}.Release|x86.Build.0 = Release|Win32
		{9BF19CF2-4E65-48A3-80BA-6DEDC55A3E50}.Debug|x64.ActiveCfg = Debug|x64
		{9BF19CF2-4E65-48A3-80BA-6DEDC55A3E50}.Debug|x64.Build.0 = Debug|x64
		{9BF19CF2-4E65-48A3-80BA-6DEDC55A3E50}.Debug|x86.ActiveCfg = Debug|Win32
		{9BF19CF2-4E65-48A3-80BA-6DEDC55A3E50}.Debug|x86.Build.0 = Debug|Win32
		{9BF19CF2-4E65-48A3-80BA-6DEDC55A3E50}.Release|x64.ActiveCfg = Release|x64
		{9BF19CF2-4E65-48A3-80BA-6DEDC55A3E50}.Release|x64.Build.0 = Release|x64
		{9BF19CF2-4E65-48A3-80BA-6DEDC55A3E50}.Release|x86.ActiveCfg = Release|Win32
		{9BF19CF2-4E65-48A3-80BA-6DEDC55A3E50}.Release|x86.Build.0 = Release|Win32
		{808E48EF-E254-4F5C-9A31-85F8A0450803}.Debug|x64.ActiveCfg = Debug|x64
		{808E48EF-E254-4F5C-9A31-85F8A0450803}.Debug|x64.Build.0 = Debug|x64
		{808E48EF-E254-4F5C-9A31-85F8A0450803}.Debug|x86.ActiveCfg = Debug|Win32
		{808E48EF-E254-4F5C-9A31-85F8A0450803}.Debug|x86.Build.0 = Debug|Win32
		{808E48EF-E254-4F5C-9A31-85F8A0450803}.Release|x64.ActiveCfg = Release|x64
		{808E48EF-E254-4F5C-9A31-85F8A0450803}.Release|x64.Build.0 = Release|x64
		{808E48EF-E254-4F5C-9A31-85F8A0450803}.Release|x86.ActiveCfg = Release|Win32
		{808E48EF-E254-4F5C-9A31-85F8A0450803}.Release|x86.Build.0 = Release|Win32
		{7F98518E-B90F-4508-95F6-2721689B5EA0}.Debug|x64.ActiveCfg = Debug|x64
		{7F98518E-B90F-4508-95F6-2721689B5EA0}.Debug|x64.Build.0 = Debug|x64
		{7F98518E-B90F-4508-95F6-2721689B5EA0}.Debug|x86.ActiveCfg = Debug|Win32
		{7F98518E-B90F-4508-95F6-2721689B5EA0}.Debug|x86.Build.0 = Debug|Win32
		{7F98518E-B90F-4508-95F6-2721689B5EA0}.Release|x64.ActiveCfg = Release|x64
		{7F98518E-B90F-4508-95F6-2721689B5EA0}.Release|x64.Build.0 = Release|x64
		{7F98518E-B90F-4508-95F6-2721689B5EA0}.Release|x86.ActiveCfg = Release|Win32
		{7F98518E-B90F-4508-95F6-2721689B5EA0}.Release|x86.Build.0 = Release|Win32
		{A455A3C3-FCA5-4266-B3C1-D212C6FF595A}.Debug|x64.ActiveCfg = Debug|x64
		{A455A3C3-FCA5-4266-B3C1-D212C6FF595A}.Debug|x64.Build.0 = Debug|x64
		{A455A3C3-FCA5-4266-B3C1-D212C6FF595A}.Debug|x86.ActiveCfg = Debug|Win32
		{A455A3C3-FCA5-4266-B3C1-D212C6FF595A}.Debug|x86.Build.0 = Debug|Win32
		{A455A3C3-FCA5-4266-B3C1-D212C6FF595A}.Release|x64.ActiveCfg = Release|x64
		{A455A3C3-FCA5-4266-B3C1-D212C6FF595A}.Release|x64.Build.0 = Release|x64
		{A455A3C3-FCA5-4266-B3C1-D212C6FF595A}.Release|x86.ActiveCfg = Release|Win32
		{A455A3C3-FCA5-4266-B3C1-D212C6FF595A}.Release|x86.Build.0 = Release|Win32
		{522D7FEE-F587-498D-B4EA-E7103760BE3A}.Debug|x64.ActiveCfg = Debug|x64
		{522D7FEE-F587-498D-B4EA-E7103760BE3A}.Debug|x64.Build.0 = Debug|x64
		{522D7FEE-F587-498D-B4EA-E7103760BE3A}.Debug|x86.ActiveCfg = Debug|Win32
		{522D7FEE-F587-498D-B4EA-E7103760BE3A}.Debug|x86.Build.0 = Debug|Win32
		{522D7FEE-F587-498D-B4EA-E7103760BE3A}.Release|x64.ActiveCfg = Release|x64
		{522D7FEE-F587-498D-B4EA-E7103760BE3A}.Release|x64.Build.0 = Release|x64
		{522D7FEE-F587-498D-B4EA-E7103760BE3A}.Release|x86.ActiveCfg = Release|Win32
		{522D7FEE-F587-498D-B4EA-E7103760BE3A}.Release|x86.Build.0 = Release|Win32
	EndGlobalSection
	GlobalSection(SolutionProperties) = preSolution
		HideSolutionNode = FALSE
	EndGlobalSection
EndGlobal
